
Microsoft Visual Studio Solution File, Format Version 12.00
# Visual Studio Version 17
VisualStudioVersion = 17.7.34031.279
MinimumVisualStudioVersion = 10.0.40219.1
Project("{FAE04EC0-301F-11D3-BF4B-00C04F79EFBC}") = "HarrisonChristianCurrencyConverter", "HarrisonChristianCurrencyConverter\HarrisonChristianCurrencyConverter.csproj", "{DD2358ED-F378-47F0-9D04-AA7257FA04A7}"
EndProject
Global
	GlobalSection(SolutionConfigurationPlatforms) = preSolution
		Debug|Any CPU = Debug|Any CPU
		Release|Any CPU = Release|Any CPU
	EndGlobalSection
	GlobalSection(ProjectConfigurationPlatforms) = postSolution
		{DD2358ED-F378-47F0-9D04-AA7257FA04A7}.Debug|Any CPU.ActiveCfg = Debug|Any CPU
		{DD2358ED-F378-47F0-9D04-AA7257FA04A7}.Debug|Any CPU.Build.0 = Debug|Any CPU
		{DD2358ED-F378-47F0-9D04-AA7257FA04A7}.Release|Any CPU.ActiveCfg = Release|Any CPU
		{DD2358ED-F378-47F0-9D04-AA7257FA04A7}.Release|Any CPU.Build.0 = Release|Any CPU
	EndGlobalSection
	GlobalSection(SolutionProperties) = preSolution
		HideSolutionNode = FALSE
	EndGlobalSection
	GlobalSection(ExtensibilityGlobals) = postSolution
		SolutionGuid = {0305E495-7CFB-495E-8A02-9D63B8A1FD8E}
	EndGlobalSection
EndGlobal
